// !$*UTF8*$!
{
	archiveVersion = 1;
	classes = {
	};
	objectVersion = 77;
	objects = {

/* Begin PBXBuildFile section */
		0AC5955F21710F4281B857D9 /* Card.swift in Sources */ = {isa = PBXBuildFile; fileRef = ACA5F8625566E18782D12FB1 /* Card.swift */; };
		11381BD6A0654CA502614B5A /* TableauView.swift in Sources */ = {isa = PBXBuildFile; fileRef = 8B586AE464A839F50DD86EC2 /* TableauView.swift */; };
		135F4806B77BC89CC4583B22 /* ProfileStore.swift in Sources */ = {isa = PBXBuildFile; fileRef = 512C19ACC3F203901D591FEE /* ProfileStore.swift */; };
		19F7B984B7563959AB7936E9 /* GameView.swift in Sources */ = {isa = PBXBuildFile; fileRef = 64F67D46359EB2AD9D45B287 /* GameView.swift */; };
		1CBE34606C20571FA47A8355 /* GameStore.swift in Sources */ = {isa = PBXBuildFile; fileRef = 050FBCCA8BF16FE4B8308A2C /* GameStore.swift */; };
		277789E56B816744E88B280C /* SettingsView.swift in Sources */ = {isa = PBXBuildFile; fileRef = 5B0A39ABBC75A474D95DC5DF /* SettingsView.swift */; };
		29BF386C88A13E5562F40E15 /* Keychain.swift in Sources */ = {isa = PBXBuildFile; fileRef = 82365454A46200A51A0D48B4 /* Keychain.swift */; };
		34CA6723F2BBA5A1FC57D1CB /* BoardView.swift in Sources */ = {isa = PBXBuildFile; fileRef = 22EED6CAA4E88CEEFD1FE2EE /* BoardView.swift */; };
		3D20D85B7C25A5999717A991 /* DailyLeaderboardView.swift in Sources */ = {isa = PBXBuildFile; fileRef = 172A33CB1603974D48FADA11 /* DailyLeaderboardView.swift */; };
		3D2D5485E0F2A3A0C6ABE05D /* ProfileView.swift in Sources */ = {isa = PBXBuildFile; fileRef = 2C555469E834A3638D6EF661 /* ProfileView.swift */; };
		3E88FFA7E516C0E63D8354DC /* APIClient.swift in Sources */ = {isa = PBXBuildFile; fileRef = EE2D246F07A435E209062B79 /* APIClient.swift */; };
		3F977C01278905F811FAD3CA /* DailyView.swift in Sources */ = {isa = PBXBuildFile; fileRef = E70966DB3F67149055BD6E76 /* DailyView.swift */; };
		41E9F93F85EA8DC164A98E38 /* CardView.swift in Sources */ = {isa = PBXBuildFile; fileRef = 6C9246235BCE70EC74AAC3C9 /* CardView.swift */; };
		4434CD3345FFC16751ECEC05 /* PreferencesStore.swift in Sources */ = {isa = PBXBuildFile; fileRef = 358E3AD0BA8339106BC7AE5A /* PreferencesStore.swift */; };
		44FCFE39E0A5632C10A57A21 /* WinView.swift in Sources */ = {isa = PBXBuildFile; fileRef = 0860FB7279BDC4BC02B0FEEE /* WinView.swift */; };
		4D26C50E9E2E6FE0380A38AE /* AccountView.swift in Sources */ = {isa = PBXBuildFile; fileRef = 35A6C3E2CBE1DEBDFA65B69D /* AccountView.swift */; };
		50FEF06FA2A6C8CA99616433 /* ProfileStatsView.swift in Sources */ = {isa = PBXBuildFile; fileRef = F055786853EEE1805565D2EE /* ProfileStatsView.swift */; };
		564D606F481EDAD8DFAE0A9B /* AuthStoreTests.swift in Sources */ = {isa = PBXBuildFile; fileRef = 605A2895BA9BA8E4ACEAA5B6 /* AuthStoreTests.swift */; };
		5A32BA858AB7C995C921D541 /* SeededShuffleTests.swift in Sources */ = {isa = PBXBuildFile; fileRef = CF36838332983CA9202004A5 /* SeededShuffleTests.swift */; };
		6201B44EA3D251200CD7A2DF /* ReplayView.swift in Sources */ = {isa = PBXBuildFile; fileRef = EB1593A8BBF3223BF05B07E2 /* ReplayView.swift */; };
		62DC05719C2E4CE496A24331 /* DayDetailSheet.swift in Sources */ = {isa = PBXBuildFile; fileRef = 3570B70567E1C167B66EC95D /* DayDetailSheet.swift */; };
		7062161B2FD9EF601A969512 /* ProfileCalendarView.swift in Sources */ = {isa = PBXBuildFile; fileRef = FFB006AC5513E0020BBEDCF5 /* ProfileCalendarView.swift */; };
		7F3038B004ADDB09D4C07088 /* LeaderboardView.swift in Sources */ = {isa = PBXBuildFile; fileRef = 098E0B1E21F7C58E47D80C56 /* LeaderboardView.swift */; };
		815103FF922B4FB175CBF65F /* ContentView.swift in Sources */ = {isa = PBXBuildFile; fileRef = B17A4EAD55DC0F7E5F38C301 /* ContentView.swift */; };
		891C6DEA22CB1F244750DDF2 /* HomeView.swift in Sources */ = {isa = PBXBuildFile; fileRef = BD6956EDB6ED3254EA6AB2B5 /* HomeView.swift */; };
		8D995C2EC98127A5E47BBBF5 /* ReplayBoardView.swift in Sources */ = {isa = PBXBuildFile; fileRef = 2E05BF70D324FD6B64F1FA33 /* ReplayBoardView.swift */; };
		9A2C3EE0CC7F5636D8547790 /* SeededShuffle.swift in Sources */ = {isa = PBXBuildFile; fileRef = E80BD7ADE0BC91094C3DC96A /* SeededShuffle.swift */; };
		A07CBA79AF0F1BFC100C3C5D /* Assets.xcassets in Resources */ = {isa = PBXBuildFile; fileRef = D81F41C477341AC64871155A /* Assets.xcassets */; };
		A643B5A392888494EE497BE3 /* LeaderboardStore.swift in Sources */ = {isa = PBXBuildFile; fileRef = 4AC46FBFAF9BED9B812DB70A /* LeaderboardStore.swift */; };
		B147C731D18BF780686F1CEA /* ProfileRecordsView.swift in Sources */ = {isa = PBXBuildFile; fileRef = A5363B86050F2A607F9998C1 /* ProfileRecordsView.swift */; };
		B3CA39B583DCE12999B7D419 /* DailyGameTab.swift in Sources */ = {isa = PBXBuildFile; fileRef = E00BCB2B6EC3339DE55C4934 /* DailyGameTab.swift */; };
		BBAFF4C5DC976F0EB69AAC87 /* APIModels.swift in Sources */ = {isa = PBXBuildFile; fileRef = 7995B36BFD248C14BA9A66DE /* APIModels.swift */; };
		BE8E1E6DB0138C57B72379A8 /* GameState.swift in Sources */ = {isa = PBXBuildFile; fileRef = 6E666186D530D52E62B08E28 /* GameState.swift */; };
		C78AE489D607225776C2B84D /* DailyWinView.swift in Sources */ = {isa = PBXBuildFile; fileRef = E187E3C12127F39A68A308F7 /* DailyWinView.swift */; };
		CE94FBF611C29081570A04A0 /* DailyCalendarView.swift in Sources */ = {isa = PBXBuildFile; fileRef = 2953A3E7308E64EAA05071F2 /* DailyCalendarView.swift */; };
		E54F6D4D74D5946A577EAFC4 /* AuthStore.swift in Sources */ = {isa = PBXBuildFile; fileRef = 1DC0A0B313941647498C4E3E /* AuthStore.swift */; };
		E7FDCF4719FE769C0C50BE21 /* AppEnvironment.swift in Sources */ = {isa = PBXBuildFile; fileRef = DE009162938676F1EB370CED /* AppEnvironment.swift */; };
		E97D476A6AC6DCBD2E03CB4B /* KlondikeProApp.swift in Sources */ = {isa = PBXBuildFile; fileRef = A83FD1B58530756EBABAE921 /* KlondikeProApp.swift */; };
		EA1FC02E10AD9DB01F7E71A2 /* FoundationView.swift in Sources */ = {isa = PBXBuildFile; fileRef = 37A05CF0FE2083FEA0A5BB61 /* FoundationView.swift */; };
		EE2FC0FE98CCF9F5B2FA34B5 /* AuthService.swift in Sources */ = {isa = PBXBuildFile; fileRef = E3CA2C83876E42F975FAACB0 /* AuthService.swift */; };
		F0A1B9C1A830EAE525C0F516 /* GameCenterService.swift in Sources */ = {isa = PBXBuildFile; fileRef = 4ACD4D2DAFDFB0B57181CB7F /* GameCenterService.swift */; };
		F142C993F5BAAE149B2CCD0D /* StockWasteView.swift in Sources */ = {isa = PBXBuildFile; fileRef = 31BE7CE29DE51A25AC6FA604 /* StockWasteView.swift */; };
		FA6FEBDA8F754DE0D2B015E4 /* DailyStore.swift in Sources */ = {isa = PBXBuildFile; fileRef = 961A5F1798DF826DF989EFE2 /* DailyStore.swift */; };
		FB332A855C558F67B37BDD05 /* LoginView.swift in Sources */ = {isa = PBXBuildFile; fileRef = E9B40829FA0B52D6FB76FADE /* LoginView.swift */; };
/* End PBXBuildFile section */

/* Begin PBXContainerItemProxy section */
		036B016648DBC64D9A034FF5 /* PBXContainerItemProxy */ = {
			isa = PBXContainerItemProxy;
			containerPortal = F1972E812544668A3F1019A5 /* Project object */;
			proxyType = 1;
			remoteGlobalIDString = 14EB51E71295F83FAFB67E3A;
			remoteInfo = KlondikePro;
		};
/* End PBXContainerItemProxy section */

/* Begin PBXFileReference section */
		010240EF3F62535CE4E5D304 /* KlondikePro.app */ = {isa = PBXFileReference; includeInIndex = 0; lastKnownFileType = wrapper.application; path = KlondikePro.app; sourceTree = BUILT_PRODUCTS_DIR; };
		050FBCCA8BF16FE4B8308A2C /* GameStore.swift */ = {isa = PBXFileReference; lastKnownFileType = sourcecode.swift; path = GameStore.swift; sourceTree = "<group>"; };
		07BBBCFE9CC9760EEC990E7C /* Info.plist */ = {isa = PBXFileReference; lastKnownFileType = text.plist; path = Info.plist; sourceTree = "<group>"; };
		0860FB7279BDC4BC02B0FEEE /* WinView.swift */ = {isa = PBXFileReference; lastKnownFileType = sourcecode.swift; path = WinView.swift; sourceTree = "<group>"; };
		098E0B1E21F7C58E47D80C56 /* LeaderboardView.swift */ = {isa = PBXFileReference; lastKnownFileType = sourcecode.swift; path = LeaderboardView.swift; sourceTree = "<group>"; };
		172A33CB1603974D48FADA11 /* DailyLeaderboardView.swift */ = {isa = PBXFileReference; lastKnownFileType = sourcecode.swift; path = DailyLeaderboardView.swift; sourceTree = "<group>"; };
		1DC0A0B313941647498C4E3E /* AuthStore.swift */ = {isa = PBXFileReference; lastKnownFileType = sourcecode.swift; path = AuthStore.swift; sourceTree = "<group>"; };
		22EED6CAA4E88CEEFD1FE2EE /* BoardView.swift */ = {isa = PBXFileReference; lastKnownFileType = sourcecode.swift; path = BoardView.swift; sourceTree = "<group>"; };
		2953A3E7308E64EAA05071F2 /* DailyCalendarView.swift */ = {isa = PBXFileReference; lastKnownFileType = sourcecode.swift; path = DailyCalendarView.swift; sourceTree = "<group>"; };
		2C555469E834A3638D6EF661 /* ProfileView.swift */ = {isa = PBXFileReference; lastKnownFileType = sourcecode.swift; path = ProfileView.swift; sourceTree = "<group>"; };
		2E05BF70D324FD6B64F1FA33 /* ReplayBoardView.swift */ = {isa = PBXFileReference; lastKnownFileType = sourcecode.swift; path = ReplayBoardView.swift; sourceTree = "<group>"; };
		31BE7CE29DE51A25AC6FA604 /* StockWasteView.swift */ = {isa = PBXFileReference; lastKnownFileType = sourcecode.swift; path = StockWasteView.swift; sourceTree = "<group>"; };
		3570B70567E1C167B66EC95D /* DayDetailSheet.swift */ = {isa = PBXFileReference; lastKnownFileType = sourcecode.swift; path = DayDetailSheet.swift; sourceTree = "<group>"; };
		358E3AD0BA8339106BC7AE5A /* PreferencesStore.swift */ = {isa = PBXFileReference; lastKnownFileType = sourcecode.swift; path = PreferencesStore.swift; sourceTree = "<group>"; };
		35A6C3E2CBE1DEBDFA65B69D /* AccountView.swift */ = {isa = PBXFileReference; lastKnownFileType = sourcecode.swift; path = AccountView.swift; sourceTree = "<group>"; };
		37A05CF0FE2083FEA0A5BB61 /* FoundationView.swift */ = {isa = PBXFileReference; lastKnownFileType = sourcecode.swift; path = FoundationView.swift; sourceTree = "<group>"; };
		3AE03AFB1F2A3D0440CFF179 /* KlondikeProTests.xctest */ = {isa = PBXFileReference; includeInIndex = 0; lastKnownFileType = wrapper.cfbundle; path = KlondikeProTests.xctest; sourceTree = BUILT_PRODUCTS_DIR; };
		4AC46FBFAF9BED9B812DB70A /* LeaderboardStore.swift */ = {isa = PBXFileReference; lastKnownFileType = sourcecode.swift; path = LeaderboardStore.swift; sourceTree = "<group>"; };
		4ACD4D2DAFDFB0B57181CB7F /* GameCenterService.swift */ = {isa = PBXFileReference; lastKnownFileType = sourcecode.swift; path = GameCenterService.swift; sourceTree = "<group>"; };
		512C19ACC3F203901D591FEE /* ProfileStore.swift */ = {isa = PBXFileReference; lastKnownFileType = sourcecode.swift; path = ProfileStore.swift; sourceTree = "<group>"; };
		5B0A39ABBC75A474D95DC5DF /* SettingsView.swift */ = {isa = PBXFileReference; lastKnownFileType = sourcecode.swift; path = SettingsView.swift; sourceTree = "<group>"; };
		605A2895BA9BA8E4ACEAA5B6 /* AuthStoreTests.swift */ = {isa = PBXFileReference; lastKnownFileType = sourcecode.swift; path = AuthStoreTests.swift; sourceTree = "<group>"; };
		64F67D46359EB2AD9D45B287 /* GameView.swift */ = {isa = PBXFileReference; lastKnownFileType = sourcecode.swift; path = GameView.swift; sourceTree = "<group>"; };
		6C9246235BCE70EC74AAC3C9 /* CardView.swift */ = {isa = PBXFileReference; lastKnownFileType = sourcecode.swift; path = CardView.swift; sourceTree = "<group>"; };
		6E666186D530D52E62B08E28 /* GameState.swift */ = {isa = PBXFileReference; lastKnownFileType = sourcecode.swift; path = GameState.swift; sourceTree = "<group>"; };
		7995B36BFD248C14BA9A66DE /* APIModels.swift */ = {isa = PBXFileReference; lastKnownFileType = sourcecode.swift; path = APIModels.swift; sourceTree = "<group>"; };
		82365454A46200A51A0D48B4 /* Keychain.swift */ = {isa = PBXFileReference; lastKnownFileType = sourcecode.swift; path = Keychain.swift; sourceTree = "<group>"; };
		8B586AE464A839F50DD86EC2 /* TableauView.swift */ = {isa = PBXFileReference; lastKnownFileType = sourcecode.swift; path = TableauView.swift; sourceTree = "<group>"; };
		961A5F1798DF826DF989EFE2 /* DailyStore.swift */ = {isa = PBXFileReference; lastKnownFileType = sourcecode.swift; path = DailyStore.swift; sourceTree = "<group>"; };
		A5363B86050F2A607F9998C1 /* ProfileRecordsView.swift */ = {isa = PBXFileReference; lastKnownFileType = sourcecode.swift; path = ProfileRecordsView.swift; sourceTree = "<group>"; };
		A83FD1B58530756EBABAE921 /* KlondikeProApp.swift */ = {isa = PBXFileReference; lastKnownFileType = sourcecode.swift; path = KlondikeProApp.swift; sourceTree = "<group>"; };
		ACA5F8625566E18782D12FB1 /* Card.swift */ = {isa = PBXFileReference; lastKnownFileType = sourcecode.swift; path = Card.swift; sourceTree = "<group>"; };
		B17A4EAD55DC0F7E5F38C301 /* ContentView.swift */ = {isa = PBXFileReference; lastKnownFileType = sourcecode.swift; path = ContentView.swift; sourceTree = "<group>"; };
		BD6956EDB6ED3254EA6AB2B5 /* HomeView.swift */ = {isa = PBXFileReference; lastKnownFileType = sourcecode.swift; path = HomeView.swift; sourceTree = "<group>"; };
		CF36838332983CA9202004A5 /* SeededShuffleTests.swift */ = {isa = PBXFileReference; lastKnownFileType = sourcecode.swift; path = SeededShuffleTests.swift; sourceTree = "<group>"; };
		D81F41C477341AC64871155A /* Assets.xcassets */ = {isa = PBXFileReference; lastKnownFileType = folder.assetcatalog; path = Assets.xcassets; sourceTree = "<group>"; };
		DE009162938676F1EB370CED /* AppEnvironment.swift */ = {isa = PBXFileReference; lastKnownFileType = sourcecode.swift; path = AppEnvironment.swift; sourceTree = "<group>"; };
		E00BCB2B6EC3339DE55C4934 /* DailyGameTab.swift */ = {isa = PBXFileReference; lastKnownFileType = sourcecode.swift; path = DailyGameTab.swift; sourceTree = "<group>"; };
		E187E3C12127F39A68A308F7 /* DailyWinView.swift */ = {isa = PBXFileReference; lastKnownFileType = sourcecode.swift; path = DailyWinView.swift; sourceTree = "<group>"; };
		E3CA2C83876E42F975FAACB0 /* AuthService.swift */ = {isa = PBXFileReference; lastKnownFileType = sourcecode.swift; path = AuthService.swift; sourceTree = "<group>"; };
		E70966DB3F67149055BD6E76 /* DailyView.swift */ = {isa = PBXFileReference; lastKnownFileType = sourcecode.swift; path = DailyView.swift; sourceTree = "<group>"; };
		E80BD7ADE0BC91094C3DC96A /* SeededShuffle.swift */ = {isa = PBXFileReference; lastKnownFileType = sourcecode.swift; path = SeededShuffle.swift; sourceTree = "<group>"; };
		E9B40829FA0B52D6FB76FADE /* LoginView.swift */ = {isa = PBXFileReference; lastKnownFileType = sourcecode.swift; path = LoginView.swift; sourceTree = "<group>"; };
		EB1593A8BBF3223BF05B07E2 /* ReplayView.swift */ = {isa = PBXFileReference; lastKnownFileType = sourcecode.swift; path = ReplayView.swift; sourceTree = "<group>"; };
		EE2D246F07A435E209062B79 /* APIClient.swift */ = {isa = PBXFileReference; lastKnownFileType = sourcecode.swift; path = APIClient.swift; sourceTree = "<group>"; };
		F055786853EEE1805565D2EE /* ProfileStatsView.swift */ = {isa = PBXFileReference; lastKnownFileType = sourcecode.swift; path = ProfileStatsView.swift; sourceTree = "<group>"; };
		F44F3479FF0410BDF907AB0A /* KlondikePro.entitlements */ = {isa = PBXFileReference; lastKnownFileType = text.plist.entitlements; path = KlondikePro.entitlements; sourceTree = "<group>"; };
		FFB006AC5513E0020BBEDCF5 /* ProfileCalendarView.swift */ = {isa = PBXFileReference; lastKnownFileType = sourcecode.swift; path = ProfileCalendarView.swift; sourceTree = "<group>"; };
/* End PBXFileReference section */

/* Begin PBXGroup section */
		0CC574917053E6CC8DF6A7A4 /* Replay */ = {
			isa = PBXGroup;
			children = (
				2E05BF70D324FD6B64F1FA33 /* ReplayBoardView.swift */,
				EB1593A8BBF3223BF05B07E2 /* ReplayView.swift */,
			);
			path = Replay;
			sourceTree = "<group>";
		};
		12AE6E93EAD42FC43A2842F0 /* Settings */ = {
			isa = PBXGroup;
			children = (
				5B0A39ABBC75A474D95DC5DF /* SettingsView.swift */,
			);
			path = Settings;
			sourceTree = "<group>";
		};
		291AF2F97C740E36C52C2BD5 /* Models */ = {
			isa = PBXGroup;
			children = (
				7995B36BFD248C14BA9A66DE /* APIModels.swift */,
			);
			path = Models;
			sourceTree = "<group>";
		};
		2BA14DE9AC86A81F1DDF2EED /* App */ = {
			isa = PBXGroup;
			children = (
				B17A4EAD55DC0F7E5F38C301 /* ContentView.swift */,
				A83FD1B58530756EBABAE921 /* KlondikeProApp.swift */,
			);
			path = App;
			sourceTree = "<group>";
		};
		32E43C9BF1D34A8141D0B75D /* Engine */ = {
			isa = PBXGroup;
			children = (
				ACA5F8625566E18782D12FB1 /* Card.swift */,
				6E666186D530D52E62B08E28 /* GameState.swift */,
				E80BD7ADE0BC91094C3DC96A /* SeededShuffle.swift */,
			);
			path = Engine;
			sourceTree = "<group>";
		};
		4A876FFF678F2DEAD748B611 /* Network */ = {
			isa = PBXGroup;
			children = (
				291AF2F97C740E36C52C2BD5 /* Models */,
				EE2D246F07A435E209062B79 /* APIClient.swift */,
				E3CA2C83876E42F975FAACB0 /* AuthService.swift */,
				4ACD4D2DAFDFB0B57181CB7F /* GameCenterService.swift */,
				82365454A46200A51A0D48B4 /* Keychain.swift */,
			);
			path = Network;
			sourceTree = "<group>";
		};
		69428AD699FDF54BB709448B /* Resources */ = {
			isa = PBXGroup;
			children = (
				D81F41C477341AC64871155A /* Assets.xcassets */,
				F44F3479FF0410BDF907AB0A /* KlondikePro.entitlements */,
			);
			path = Resources;
			sourceTree = "<group>";
		};
		7B85A82748B2562DDB3BA293 /* Views */ = {
			isa = PBXGroup;
			children = (
				AB129A26A83780794D310561 /* Auth */,
				993CFAB786201142C5268760 /* Daily */,
				E5669118DC49391F25FF257B /* Extensions */,
				91DC5C1B5B4FE9599A9CAD15 /* Game */,
				CC0EF45334AB3BD2A16AD838 /* Home */,
				7FC9C00023E22638A09C3A9D /* Leaderboard */,
				A98F1A822D80C90FDCB9F391 /* Profile */,
				0CC574917053E6CC8DF6A7A4 /* Replay */,
				12AE6E93EAD42FC43A2842F0 /* Settings */,
			);
			path = Views;
			sourceTree = "<group>";
		};
		7FC9C00023E22638A09C3A9D /* Leaderboard */ = {
			isa = PBXGroup;
			children = (
				098E0B1E21F7C58E47D80C56 /* LeaderboardView.swift */,
			);
			path = Leaderboard;
			sourceTree = "<group>";
		};
		91DC5C1B5B4FE9599A9CAD15 /* Game */ = {
			isa = PBXGroup;
			children = (
				22EED6CAA4E88CEEFD1FE2EE /* BoardView.swift */,
				6C9246235BCE70EC74AAC3C9 /* CardView.swift */,
				37A05CF0FE2083FEA0A5BB61 /* FoundationView.swift */,
				64F67D46359EB2AD9D45B287 /* GameView.swift */,
				31BE7CE29DE51A25AC6FA604 /* StockWasteView.swift */,
				8B586AE464A839F50DD86EC2 /* TableauView.swift */,
				0860FB7279BDC4BC02B0FEEE /* WinView.swift */,
			);
			path = Game;
			sourceTree = "<group>";
		};
		98A5D05F563FD9752D7D65C9 /* KlondikeProTests */ = {
			isa = PBXGroup;
			children = (
				605A2895BA9BA8E4ACEAA5B6 /* AuthStoreTests.swift */,
				CF36838332983CA9202004A5 /* SeededShuffleTests.swift */,
			);
			path = KlondikeProTests;
			sourceTree = "<group>";
		};
		993CFAB786201142C5268760 /* Daily */ = {
			isa = PBXGroup;
			children = (
				2953A3E7308E64EAA05071F2 /* DailyCalendarView.swift */,
				E00BCB2B6EC3339DE55C4934 /* DailyGameTab.swift */,
				172A33CB1603974D48FADA11 /* DailyLeaderboardView.swift */,
				E70966DB3F67149055BD6E76 /* DailyView.swift */,
				E187E3C12127F39A68A308F7 /* DailyWinView.swift */,
			);
			path = Daily;
			sourceTree = "<group>";
		};
		A98F1A822D80C90FDCB9F391 /* Profile */ = {
			isa = PBXGroup;
			children = (
				35A6C3E2CBE1DEBDFA65B69D /* AccountView.swift */,
				3570B70567E1C167B66EC95D /* DayDetailSheet.swift */,
				FFB006AC5513E0020BBEDCF5 /* ProfileCalendarView.swift */,
				A5363B86050F2A607F9998C1 /* ProfileRecordsView.swift */,
				F055786853EEE1805565D2EE /* ProfileStatsView.swift */,
				2C555469E834A3638D6EF661 /* ProfileView.swift */,
			);
			path = Profile;
			sourceTree = "<group>";
		};
		AB129A26A83780794D310561 /* Auth */ = {
			isa = PBXGroup;
			children = (
				E9B40829FA0B52D6FB76FADE /* LoginView.swift */,
			);
			path = Auth;
			sourceTree = "<group>";
		};
		B03B677527D5B3CB4B9B0C23 /* Stores */ = {
			isa = PBXGroup;
			children = (
				1DC0A0B313941647498C4E3E /* AuthStore.swift */,
				961A5F1798DF826DF989EFE2 /* DailyStore.swift */,
				050FBCCA8BF16FE4B8308A2C /* GameStore.swift */,
				4AC46FBFAF9BED9B812DB70A /* LeaderboardStore.swift */,
				358E3AD0BA8339106BC7AE5A /* PreferencesStore.swift */,
				512C19ACC3F203901D591FEE /* ProfileStore.swift */,
			);
			path = Stores;
			sourceTree = "<group>";
		};
		B97924C42FC27647E09D2417 /* Products */ = {
			isa = PBXGroup;
			children = (
				010240EF3F62535CE4E5D304 /* KlondikePro.app */,
				3AE03AFB1F2A3D0440CFF179 /* KlondikeProTests.xctest */,
			);
			name = Products;
			sourceTree = "<group>";
		};
		CC0EF45334AB3BD2A16AD838 /* Home */ = {
			isa = PBXGroup;
			children = (
				BD6956EDB6ED3254EA6AB2B5 /* HomeView.swift */,
			);
			path = Home;
			sourceTree = "<group>";
		};
		D4FA29B1B16EB67AD9F225C8 = {
			isa = PBXGroup;
			children = (
				EB753ABC524C67D78A403A83 /* KlondikePro */,
				98A5D05F563FD9752D7D65C9 /* KlondikeProTests */,
				B97924C42FC27647E09D2417 /* Products */,
			);
			sourceTree = "<group>";
		};
		E5669118DC49391F25FF257B /* Extensions */ = {
			isa = PBXGroup;
			children = (
				DE009162938676F1EB370CED /* AppEnvironment.swift */,
			);
			path = Extensions;
			sourceTree = "<group>";
		};
		EB753ABC524C67D78A403A83 /* KlondikePro */ = {
			isa = PBXGroup;
			children = (
				2BA14DE9AC86A81F1DDF2EED /* App */,
				32E43C9BF1D34A8141D0B75D /* Engine */,
				4A876FFF678F2DEAD748B611 /* Network */,
				69428AD699FDF54BB709448B /* Resources */,
				B03B677527D5B3CB4B9B0C23 /* Stores */,
				7B85A82748B2562DDB3BA293 /* Views */,
				07BBBCFE9CC9760EEC990E7C /* Info.plist */,
			);
			path = KlondikePro;
			sourceTree = "<group>";
		};
/* End PBXGroup section */

/* Begin PBXNativeTarget section */
		04106F44462DBF9C3E2D5947 /* KlondikeProTests */ = {
			isa = PBXNativeTarget;
			buildConfigurationList = AB469EBF7EF4E5380FEC82FC /* Build configuration list for PBXNativeTarget "KlondikeProTests" */;
			buildPhases = (
				DDD37A422574DE8203B81D05 /* Sources */,
			);
			buildRules = (
			);
			dependencies = (
				64C76BDEEDB42D96D877D1C7 /* PBXTargetDependency */,
			);
			name = KlondikeProTests;
			packageProductDependencies = (
			);
			productName = KlondikeProTests;
			productReference = 3AE03AFB1F2A3D0440CFF179 /* KlondikeProTests.xctest */;
			productType = "com.apple.product-type.bundle.unit-test";
		};
		14EB51E71295F83FAFB67E3A /* KlondikePro */ = {
			isa = PBXNativeTarget;
			buildConfigurationList = 6D6F52A854BE0FE3D275F5D3 /* Build configuration list for PBXNativeTarget "KlondikePro" */;
			buildPhases = (
				C66EC34721B4D9F2E6F22073 /* Sources */,
				1F7CE17FA55D2288A8747B55 /* Resources */,
			);
			buildRules = (
			);
			dependencies = (
			);
			name = KlondikePro;
			packageProductDependencies = (
			);
			productName = KlondikePro;
			productReference = 010240EF3F62535CE4E5D304 /* KlondikePro.app */;
			productType = "com.apple.product-type.application";
		};
/* End PBXNativeTarget section */

/* Begin PBXProject section */
		F1972E812544668A3F1019A5 /* Project object */ = {
			isa = PBXProject;
			attributes = {
				BuildIndependentTargetsInParallel = YES;
				LastUpgradeCheck = 1600;
				TargetAttributes = {
					04106F44462DBF9C3E2D5947 = {
						DevelopmentTeam = "";
						ProvisioningStyle = Automatic;
					};
					14EB51E71295F83FAFB67E3A = {
						DevelopmentTeam = "";
						ProvisioningStyle = Automatic;
					};
				};
			};
			buildConfigurationList = BCAABA2332E46CB6B0EE1263 /* Build configuration list for PBXProject "KlondikePro" */;
			developmentRegion = en;
			hasScannedForEncodings = 0;
			knownRegions = (
				Base,
				en,
			);
			mainGroup = D4FA29B1B16EB67AD9F225C8;
			minimizedProjectReferenceProxies = 1;
			preferredProjectObjectVersion = 77;
			productRefGroup = B97924C42FC27647E09D2417 /* Products */;
			projectDirPath = "";
			projectRoot = "";
			targets = (
				14EB51E71295F83FAFB67E3A /* KlondikePro */,
				04106F44462DBF9C3E2D5947 /* KlondikeProTests */,
			);
		};
/* End PBXProject section */

/* Begin PBXResourcesBuildPhase section */
		1F7CE17FA55D2288A8747B55 /* Resources */ = {
			isa = PBXResourcesBuildPhase;
			buildActionMask = 2147483647;
			files = (
				A07CBA79AF0F1BFC100C3C5D /* Assets.xcassets in Resources */,
			);
			runOnlyForDeploymentPostprocessing = 0;
		};
/* End PBXResourcesBuildPhase section */

/* Begin PBXSourcesBuildPhase section */
		C66EC34721B4D9F2E6F22073 /* Sources */ = {
			isa = PBXSourcesBuildPhase;
			buildActionMask = 2147483647;
			files = (
				3E88FFA7E516C0E63D8354DC /* APIClient.swift in Sources */,
				BBAFF4C5DC976F0EB69AAC87 /* APIModels.swift in Sources */,
				4D26C50E9E2E6FE0380A38AE /* AccountView.swift in Sources */,
				E7FDCF4719FE769C0C50BE21 /* AppEnvironment.swift in Sources */,
				EE2FC0FE98CCF9F5B2FA34B5 /* AuthService.swift in Sources */,
				E54F6D4D74D5946A577EAFC4 /* AuthStore.swift in Sources */,
				34CA6723F2BBA5A1FC57D1CB /* BoardView.swift in Sources */,
				0AC5955F21710F4281B857D9 /* Card.swift in Sources */,
				41E9F93F85EA8DC164A98E38 /* CardView.swift in Sources */,
				815103FF922B4FB175CBF65F /* ContentView.swift in Sources */,
				CE94FBF611C29081570A04A0 /* DailyCalendarView.swift in Sources */,
				B3CA39B583DCE12999B7D419 /* DailyGameTab.swift in Sources */,
				3D20D85B7C25A5999717A991 /* DailyLeaderboardView.swift in Sources */,
				FA6FEBDA8F754DE0D2B015E4 /* DailyStore.swift in Sources */,
				3F977C01278905F811FAD3CA /* DailyView.swift in Sources */,
				C78AE489D607225776C2B84D /* DailyWinView.swift in Sources */,
				62DC05719C2E4CE496A24331 /* DayDetailSheet.swift in Sources */,
				EA1FC02E10AD9DB01F7E71A2 /* FoundationView.swift in Sources */,
				F0A1B9C1A830EAE525C0F516 /* GameCenterService.swift in Sources */,
				BE8E1E6DB0138C57B72379A8 /* GameState.swift in Sources */,
				1CBE34606C20571FA47A8355 /* GameStore.swift in Sources */,
				19F7B984B7563959AB7936E9 /* GameView.swift in Sources */,
				891C6DEA22CB1F244750DDF2 /* HomeView.swift in Sources */,
				29BF386C88A13E5562F40E15 /* Keychain.swift in Sources */,
				E97D476A6AC6DCBD2E03CB4B /* KlondikeProApp.swift in Sources */,
				A643B5A392888494EE497BE3 /* LeaderboardStore.swift in Sources */,
				7F3038B004ADDB09D4C07088 /* LeaderboardView.swift in Sources */,
				FB332A855C558F67B37BDD05 /* LoginView.swift in Sources */,
				4434CD3345FFC16751ECEC05 /* PreferencesStore.swift in Sources */,
				7062161B2FD9EF601A969512 /* ProfileCalendarView.swift in Sources */,
				B147C731D18BF780686F1CEA /* ProfileRecordsView.swift in Sources */,
				50FEF06FA2A6C8CA99616433 /* ProfileStatsView.swift in Sources */,
				135F4806B77BC89CC4583B22 /* ProfileStore.swift in Sources */,
				3D2D5485E0F2A3A0C6ABE05D /* ProfileView.swift in Sources */,
				8D995C2EC98127A5E47BBBF5 /* ReplayBoardView.swift in Sources */,
				6201B44EA3D251200CD7A2DF /* ReplayView.swift in Sources */,
				9A2C3EE0CC7F5636D8547790 /* SeededShuffle.swift in Sources */,
				277789E56B816744E88B280C /* SettingsView.swift in Sources */,
				F142C993F5BAAE149B2CCD0D /* StockWasteView.swift in Sources */,
				11381BD6A0654CA502614B5A /* TableauView.swift in Sources */,
				44FCFE39E0A5632C10A57A21 /* WinView.swift in Sources */,
			);
			runOnlyForDeploymentPostprocessing = 0;
		};
		DDD37A422574DE8203B81D05 /* Sources */ = {
			isa = PBXSourcesBuildPhase;
			buildActionMask = 2147483647;
			files = (
				564D606F481EDAD8DFAE0A9B /* AuthStoreTests.swift in Sources */,
				5A32BA858AB7C995C921D541 /* SeededShuffleTests.swift in Sources */,
			);
			runOnlyForDeploymentPostprocessing = 0;
		};
/* End PBXSourcesBuildPhase section */

/* Begin PBXTargetDependency section */
		64C76BDEEDB42D96D877D1C7 /* PBXTargetDependency */ = {
			isa = PBXTargetDependency;
			target = 14EB51E71295F83FAFB67E3A /* KlondikePro */;
			targetProxy = 036B016648DBC64D9A034FF5 /* PBXContainerItemProxy */;
		};
/* End PBXTargetDependency section */

/* Begin XCBuildConfiguration section */
		3DA49657C5D494386F8EE26C /* Debug */ = {
			isa = XCBuildConfiguration;
			buildSettings = {
				ALWAYS_SEARCH_USER_PATHS = NO;
				CLANG_ANALYZER_NONNULL = YES;
				CLANG_ANALYZER_NUMBER_OBJECT_CONVERSION = YES_AGGRESSIVE;
				CLANG_CXX_LANGUAGE_STANDARD = "gnu++14";
				CLANG_CXX_LIBRARY = "libc++";
				CLANG_ENABLE_MODULES = YES;
				CLANG_ENABLE_OBJC_ARC = YES;
				CLANG_ENABLE_OBJC_WEAK = YES;
				CLANG_WARN_BLOCK_CAPTURE_AUTORELEASING = YES;
				CLANG_WARN_BOOL_CONVERSION = YES;
				CLANG_WARN_COMMA = YES;
				CLANG_WARN_CONSTANT_CONVERSION = YES;
				CLANG_WARN_DEPRECATED_OBJC_IMPLEMENTATIONS = YES;
				CLANG_WARN_DIRECT_OBJC_ISA_USAGE = YES_ERROR;
				CLANG_WARN_DOCUMENTATION_COMMENTS = YES;
				CLANG_WARN_EMPTY_BODY = YES;
				CLANG_WARN_ENUM_CONVERSION = YES;
				CLANG_WARN_INFINITE_RECURSION = YES;
				CLANG_WARN_INT_CONVERSION = YES;
				CLANG_WARN_NON_LITERAL_NULL_CONVERSION = YES;
				CLANG_WARN_OBJC_IMPLICIT_RETAIN_SELF = YES;
				CLANG_WARN_OBJC_LITERAL_CONVERSION = YES;
				CLANG_WARN_OBJC_ROOT_CLASS = YES_ERROR;
				CLANG_WARN_QUOTED_INCLUDE_IN_FRAMEWORK_HEADER = YES;
				CLANG_WARN_RANGE_LOOP_ANALYSIS = YES;
				CLANG_WARN_STRICT_PROTOTYPES = YES;
				CLANG_WARN_SUSPICIOUS_MOVE = YES;
				CLANG_WARN_UNGUARDED_AVAILABILITY = YES_AGGRESSIVE;
				CLANG_WARN_UNREACHABLE_CODE = YES;
				CLANG_WARN__DUPLICATE_METHOD_MATCH = YES;
				CODE_SIGN_STYLE = Automatic;
				COPY_PHASE_STRIP = NO;
				CURRENT_PROJECT_VERSION = 1;
				DEBUG_INFORMATION_FORMAT = dwarf;
				DEVELOPMENT_TEAM = "";
				ENABLE_HARDENED_RUNTIME = YES;
				ENABLE_STRICT_OBJC_MSGSEND = YES;
				ENABLE_TESTABILITY = YES;
				GCC_C_LANGUAGE_STANDARD = gnu11;
				GCC_DYNAMIC_NO_PIC = NO;
				GCC_NO_COMMON_BLOCKS = YES;
				GCC_OPTIMIZATION_LEVEL = 0;
				GCC_PREPROCESSOR_DEFINITIONS = (
					"$(inherited)",
					"DEBUG=1",
				);
				GCC_WARN_64_TO_32_BIT_CONVERSION = YES;
				GCC_WARN_ABOUT_RETURN_TYPE = YES_ERROR;
				GCC_WARN_UNDECLARED_SELECTOR = YES;
				GCC_WARN_UNINITIALIZED_AUTOS = YES_AGGRESSIVE;
				GCC_WARN_UNUSED_FUNCTION = YES;
				GCC_WARN_UNUSED_VARIABLE = YES;
				INFOPLIST_FILE = KlondikePro/Info.plist;
				IPHONEOS_DEPLOYMENT_TARGET = 17.0;
				MARKETING_VERSION = 1.0;
				MTL_ENABLE_DEBUG_INFO = INCLUDE_SOURCE;
				MTL_FAST_MATH = YES;
				ONLY_ACTIVE_ARCH = YES;
				PRODUCT_NAME = "$(TARGET_NAME)";
				SDKROOT = iphoneos;
				SUPPORTS_MAC_DESIGNED_FOR_IPHONE_IPAD = NO;
				SWIFT_ACTIVE_COMPILATION_CONDITIONS = DEBUG;
				SWIFT_OPTIMIZATION_LEVEL = "-Onone";
				SWIFT_STRICT_CONCURRENCY = targeted;
				SWIFT_VERSION = 5.9;
				TARGETED_DEVICE_FAMILY = "1,2";
			};
			name = Debug;
		};
		5628438DDADCC3F349AD3FB0 /* Release */ = {
			isa = XCBuildConfiguration;
			buildSettings = {
				ASSETCATALOG_COMPILER_APPICON_NAME = AppIcon;
				CODE_SIGN_ENTITLEMENTS = KlondikePro/Resources/KlondikePro.entitlements;
				CODE_SIGN_IDENTITY = "iPhone Developer";
				INFOPLIST_FILE = KlondikePro/Info.plist;
				IPHONEOS_DEPLOYMENT_TARGET = 17.0;
				LD_RUNPATH_SEARCH_PATHS = (
					"$(inherited)",
					"@executable_path/Frameworks",
				);
				PRODUCT_BUNDLE_IDENTIFIER = com.klondikepro.app;
				SDKROOT = iphoneos;
				TARGETED_DEVICE_FAMILY = "1,2";
			};
			name = Release;
		};
		5F36F30B66164418B5351C61 /* Debug */ = {
			isa = XCBuildConfiguration;
			buildSettings = {
				BUNDLE_LOADER = "$(TEST_HOST)";
				IPHONEOS_DEPLOYMENT_TARGET = 17.0;
				LD_RUNPATH_SEARCH_PATHS = (
					"$(inherited)",
					"@executable_path/Frameworks",
					"@loader_path/Frameworks",
				);
				PRODUCT_BUNDLE_IDENTIFIER = com.klondikepro.tests;
				SDKROOT = iphoneos;
				TARGETED_DEVICE_FAMILY = "1,2";
				TEST_HOST = "$(BUILT_PRODUCTS_DIR)/KlondikePro.app/KlondikePro";
			};
			name = Debug;
		};
		5F60522803DCD839ADA53DDE /* Release */ = {
			isa = XCBuildConfiguration;
			buildSettings = {
				BUNDLE_LOADER = "$(TEST_HOST)";
				IPHONEOS_DEPLOYMENT_TARGET = 17.0;
				LD_RUNPATH_SEARCH_PATHS = (
					"$(inherited)",
					"@executable_path/Frameworks",
					"@loader_path/Frameworks",
				);
				PRODUCT_BUNDLE_IDENTIFIER = com.klondikepro.tests;
				SDKROOT = iphoneos;
				TARGETED_DEVICE_FAMILY = "1,2";
				TEST_HOST = "$(BUILT_PRODUCTS_DIR)/KlondikePro.app/KlondikePro";
			};
			name = Release;
		};
		62B2C9D0D98B3766152ABE1C /* Debug */ = {
			isa = XCBuildConfiguration;
			buildSettings = {
				ASSETCATALOG_COMPILER_APPICON_NAME = AppIcon;
				CODE_SIGN_ENTITLEMENTS = KlondikePro/Resources/KlondikePro.entitlements;
				CODE_SIGN_IDENTITY = "iPhone Developer";
				INFOPLIST_FILE = KlondikePro/Info.plist;
				IPHONEOS_DEPLOYMENT_TARGET = 17.0;
				LD_RUNPATH_SEARCH_PATHS = (
					"$(inherited)",
					"@executable_path/Frameworks",
				);
				PRODUCT_BUNDLE_IDENTIFIER = com.klondikepro.app;
				SDKROOT = iphoneos;
				TARGETED_DEVICE_FAMILY = "1,2";
			};
			name = Debug;
		};
		C36D06609E0B09BCDFA30211 /* Release */ = {
			isa = XCBuildConfiguration;
			buildSettings = {
				ALWAYS_SEARCH_USER_PATHS = NO;
				CLANG_ANALYZER_NONNULL = YES;
				CLANG_ANALYZER_NUMBER_OBJECT_CONVERSION = YES_AGGRESSIVE;
				CLANG_CXX_LANGUAGE_STANDARD = "gnu++14";
				CLANG_CXX_LIBRARY = "libc++";
				CLANG_ENABLE_MODULES = YES;
				CLANG_ENABLE_OBJC_ARC = YES;
				CLANG_ENABLE_OBJC_WEAK = YES;
				CLANG_WARN_BLOCK_CAPTURE_AUTORELEASING = YES;
				CLANG_WARN_BOOL_CONVERSION = YES;
				CLANG_WARN_COMMA = YES;
				CLANG_WARN_CONSTANT_CONVERSION = YES;
				CLANG_WARN_DEPRECATED_OBJC_IMPLEMENTATIONS = YES;
				CLANG_WARN_DIRECT_OBJC_ISA_USAGE = YES_ERROR;
				CLANG_WARN_DOCUMENTATION_COMMENTS = YES;
				CLANG_WARN_EMPTY_BODY = YES;
				CLANG_WARN_ENUM_CONVERSION = YES;
				CLANG_WARN_INFINITE_RECURSION = YES;
				CLANG_WARN_INT_CONVERSION = YES;
				CLANG_WARN_NON_LITERAL_NULL_CONVERSION = YES;
				CLANG_WARN_OBJC_IMPLICIT_RETAIN_SELF = YES;
				CLANG_WARN_OBJC_LITERAL_CONVERSION = YES;
				CLANG_WARN_OBJC_ROOT_CLASS = YES_ERROR;
				CLANG_WARN_QUOTED_INCLUDE_IN_FRAMEWORK_HEADER = YES;
				CLANG_WARN_RANGE_LOOP_ANALYSIS = YES;
				CLANG_WARN_STRICT_PROTOTYPES = YES;
				CLANG_WARN_SUSPICIOUS_MOVE = YES;
				CLANG_WARN_UNGUARDED_AVAILABILITY = YES_AGGRESSIVE;
				CLANG_WARN_UNREACHABLE_CODE = YES;
				CLANG_WARN__DUPLICATE_METHOD_MATCH = YES;
				CODE_SIGN_STYLE = Automatic;
				COPY_PHASE_STRIP = NO;
				CURRENT_PROJECT_VERSION = 1;
				DEBUG_INFORMATION_FORMAT = "dwarf-with-dsym";
				DEVELOPMENT_TEAM = "";
				ENABLE_HARDENED_RUNTIME = YES;
				ENABLE_NS_ASSERTIONS = NO;
				ENABLE_STRICT_OBJC_MSGSEND = YES;
				GCC_C_LANGUAGE_STANDARD = gnu11;
				GCC_NO_COMMON_BLOCKS = YES;
				GCC_WARN_64_TO_32_BIT_CONVERSION = YES;
				GCC_WARN_ABOUT_RETURN_TYPE = YES_ERROR;
				GCC_WARN_UNDECLARED_SELECTOR = YES;
				GCC_WARN_UNINITIALIZED_AUTOS = YES_AGGRESSIVE;
				GCC_WARN_UNUSED_FUNCTION = YES;
				GCC_WARN_UNUSED_VARIABLE = YES;
				INFOPLIST_FILE = KlondikePro/Info.plist;
				IPHONEOS_DEPLOYMENT_TARGET = 17.0;
				MARKETING_VERSION = 1.0;
				MTL_ENABLE_DEBUG_INFO = NO;
				MTL_FAST_MATH = YES;
				PRODUCT_NAME = "$(TARGET_NAME)";
				SDKROOT = iphoneos;
				SUPPORTS_MAC_DESIGNED_FOR_IPHONE_IPAD = NO;
				SWIFT_COMPILATION_MODE = wholemodule;
				SWIFT_OPTIMIZATION_LEVEL = "-O";
				SWIFT_STRICT_CONCURRENCY = targeted;
				SWIFT_VERSION = 5.9;
				TARGETED_DEVICE_FAMILY = "1,2";
			};
			name = Release;
		};
/* End XCBuildConfiguration section */

/* Begin XCConfigurationList section */
		6D6F52A854BE0FE3D275F5D3 /* Build configuration list for PBXNativeTarget "KlondikePro" */ = {
			isa = XCConfigurationList;
			buildConfigurations = (
				62B2C9D0D98B3766152ABE1C /* Debug */,
				5628438DDADCC3F349AD3FB0 /* Release */,
			);
			defaultConfigurationIsVisible = 0;
			defaultConfigurationName = Debug;
		};
		AB469EBF7EF4E5380FEC82FC /* Build configuration list for PBXNativeTarget "KlondikeProTests" */ = {
			isa = XCConfigurationList;
			buildConfigurations = (
				5F36F30B66164418B5351C61 /* Debug */,
				5F60522803DCD839ADA53DDE /* Release */,
			);
			defaultConfigurationIsVisible = 0;
			defaultConfigurationName = Debug;
		};
		BCAABA2332E46CB6B0EE1263 /* Build configuration list for PBXProject "KlondikePro" */ = {
			isa = XCConfigurationList;
			buildConfigurations = (
				3DA49657C5D494386F8EE26C /* Debug */,
				C36D06609E0B09BCDFA30211 /* Release */,
			);
			defaultConfigurationIsVisible = 0;
			defaultConfigurationName = Debug;
		};
/* End XCConfigurationList section */
	};
	rootObject = F1972E812544668A3F1019A5 /* Project object */;
}
